
Microsoft Visual Studio Solution File, Format Version 12.00
# Visual Studio Version 16
VisualStudioVersion = 16.0.30204.135
MinimumVisualStudioVersion = 10.0.40219.1
Project("{FAE04EC0-301F-11D3-BF4B-00C04F79EFBC}") = "task5_2", "task5_2\task5_2.csproj", "{B4BC9B01-AA97-42A0-A96B-1244E7939A86}"
EndProject
Global
	GlobalSection(SolutionConfigurationPlatforms) = preSolution
		Debug|Any CPU = Debug|Any CPU
		Release|Any CPU = Release|Any CPU
	EndGlobalSection
	GlobalSection(ProjectConfigurationPlatforms) = postSolution
		{B4BC9B01-AA97-42A0-A96B-1244E7939A86}.Debug|Any CPU.ActiveCfg = Debug|Any CPU
		{B4BC9B01-AA97-42A0-A96B-1244E7939A86}.Debug|Any CPU.Build.0 = Debug|Any CPU
		{B4BC9B01-AA97-42A0-A96B-1244E7939A86}.Release|Any CPU.ActiveCfg = Release|Any CPU
		{B4BC9B01-AA97-42A0-A96B-1244E7939A86}.Release|Any CPU.Build.0 = Release|Any CPU
	EndGlobalSection
	GlobalSection(SolutionProperties) = preSolution
		HideSolutionNode = FALSE
	EndGlobalSection
	GlobalSection(ExtensibilityGlobals) = postSolution
		SolutionGuid = {FF6D5B2B-CBFC-45F1-9FDD-5A94E84207AC}
	EndGlobalSection
EndGlobal
